// !$*UTF8*$!
{
	archiveVersion = 1;
	classes = {
	};
	objectVersion = 48;
	objects = {

/* Begin PBXBuildFile section */
		D471781C061EA46023AA0555 /* libPods-BaiDuMapDemo.a in Frameworks */ = {isa = PBXBuildFile; fileRef = 7CF55CAD44B667BB802E8A49 /* libPods-BaiDuMapDemo.a */; };
		E3C8712620CD69BB0019CC84 /* CoordinateModel.m in Sources */ = {isa = PBXBuildFile; fileRef = E3C8712520CD69BB0019CC84 /* CoordinateModel.m */; };
		E3E692002098937400E149F3 /* AppDelegate.m in Sources */ = {isa = PBXBuildFile; fileRef = E3E691FF2098937400E149F3 /* AppDelegate.m */; };
		E3E692032098937400E149F3 /* ViewController.m in Sources */ = {isa = PBXBuildFile; fileRef = E3E692022098937400E149F3 /* ViewController.m */; };
		E3E692062098937400E149F3 /* Main.storyboard in Resources */ = {isa = PBXBuildFile; fileRef = E3E692042098937400E149F3 /* Main.storyboard */; };
		E3E692082098937400E149F3 /* Assets.xcassets in Resources */ = {isa = PBXBuildFile; fileRef = E3E692072098937400E149F3 /* Assets.xcassets */; };
		E3E6920B2098937400E149F3 /* LaunchScreen.storyboard in Resources */ = {isa = PBXBuildFile; fileRef = E3E692092098937400E149F3 /* LaunchScreen.storyboard */; };
		E3E6920E2098937400E149F3 /* main.m in Sources */ = {isa = PBXBuildFile; fileRef = E3E6920D2098937400E149F3 /* main.m */; };
		E3E692182098937500E149F3 /* BaiDuMapDemoTests.m in Sources */ = {isa = PBXBuildFile; fileRef = E3E692172098937500E149F3 /* BaiDuMapDemoTests.m */; };
		E3E692232098937500E149F3 /* BaiDuMapDemoUITests.m in Sources */ = {isa = PBXBuildFile; fileRef = E3E692222098937500E149F3 /* BaiDuMapDemoUITests.m */; };
		E3E692322098A5B100E149F3 /* FingerDrawLineView.m in Sources */ = {isa = PBXBuildFile; fileRef = E3E692312098A5B100E149F3 /* FingerDrawLineView.m */; };
/* End PBXBuildFile section */

/* Begin PBXContainerItemProxy section */
		E3E692142098937500E149F3 /* PBXContainerItemProxy */ = {
			isa = PBXContainerItemProxy;
			containerPortal = E3E691F32098937400E149F3 /* Project object */;
			proxyType = 1;
			remoteGlobalIDString = E3E691FA2098937400E149F3;
			remoteInfo = BaiDuMapDemo;
		};
		E3E6921F2098937500E149F3 /* PBXContainerItemProxy */ = {
			isa = PBXContainerItemProxy;
			containerPortal = E3E691F32098937400E149F3 /* Project object */;
			proxyType = 1;
			remoteGlobalIDString = E3E691FA2098937400E149F3;
			remoteInfo = BaiDuMapDemo;
		};
/* End PBXContainerItemProxy section */

/* Begin PBXFileReference section */
		7CF55CAD44B667BB802E8A49 /* libPods-BaiDuMapDemo.a */ = {isa = PBXFileReference; explicitFileType = archive.ar; includeInIndex = 0; path = "libPods-BaiDuMapDemo.a"; sourceTree = BUILT_PRODUCTS_DIR; };
		8E7415ED39AD7734B4E4270F /* Pods-BaiDuMapDemo.release.xcconfig */ = {isa = PBXFileReference; includeInIndex = 1; lastKnownFileType = text.xcconfig; name = "Pods-BaiDuMapDemo.release.xcconfig"; path = "Pods/Target Support Files/Pods-BaiDuMapDemo/Pods-BaiDuMapDemo.release.xcconfig"; sourceTree = "<group>"; };
		B69504CAF915202709481D2F /* Pods-BaiDuMapDemo.debug.xcconfig */ = {isa = PBXFileReference; includeInIndex = 1; lastKnownFileType = text.xcconfig; name = "Pods-BaiDuMapDemo.debug.xcconfig"; path = "Pods/Target Support Files/Pods-BaiDuMapDemo/Pods-BaiDuMapDemo.debug.xcconfig"; sourceTree = "<group>"; };
		E3C8712420CD69BB0019CC84 /* CoordinateModel.h */ = {isa = PBXFileReference; lastKnownFileType = sourcecode.c.h; path = CoordinateModel.h; sourceTree = "<group>"; };
		E3C8712520CD69BB0019CC84 /* CoordinateModel.m */ = {isa = PBXFileReference; lastKnownFileType = sourcecode.c.objc; path = CoordinateModel.m; sourceTree = "<group>"; };
		E3E691FB2098937400E149F3 /* BaiDuMapDemo.app */ = {isa = PBXFileReference; explicitFileType = wrapper.application; includeInIndex = 0; path = BaiDuMapDemo.app; sourceTree = BUILT_PRODUCTS_DIR; };
		E3E691FE2098937400E149F3 /* AppDelegate.h */ = {isa = PBXFileReference; lastKnownFileType = sourcecode.c.h; path = AppDelegate.h; sourceTree = "<group>"; };
		E3E691FF2098937400E149F3 /* AppDelegate.m */ = {isa = PBXFileReference; lastKnownFileType = sourcecode.c.objc; path = AppDelegate.m; sourceTree = "<group>"; };
		E3E692012098937400E149F3 /* ViewController.h */ = {isa = PBXFileReference; lastKnownFileType = sourcecode.c.h; path = ViewController.h; sourceTree = "<group>"; };
		E3E692022098937400E149F3 /* ViewController.m */ = {isa = PBXFileReference; lastKnownFileType = sourcecode.c.objc; path = ViewController.m; sourceTree = "<group>"; };
		E3E692052098937400E149F3 /* Base */ = {isa = PBXFileReference; lastKnownFileType = file.storyboard; name = Base; path = Base.lproj/Main.storyboard; sourceTree = "<group>"; };
		E3E692072098937400E149F3 /* Assets.xcassets */ = {isa = PBXFileReference; lastKnownFileType = folder.assetcatalog; path = Assets.xcassets; sourceTree = "<group>"; };
		E3E6920A2098937400E149F3 /* Base */ = {isa = PBXFileReference; lastKnownFileType = file.storyboard; name = Base; path = Base.lproj/LaunchScreen.storyboard; sourceTree = "<group>"; };
		E3E6920C2098937400E149F3 /* Info.plist */ = {isa = PBXFileReference; lastKnownFileType = text.plist.xml; path = Info.plist; sourceTree = "<group>"; };
		E3E6920D2098937400E149F3 /* main.m */ = {isa = PBXFileReference; lastKnownFileType = sourcecode.c.objc; path = main.m; sourceTree = "<group>"; };
		E3E692132098937500E149F3 /* BaiDuMapDemoTests.xctest */ = {isa = PBXFileReference; explicitFileType = wrapper.cfbundle; includeInIndex = 0; path = BaiDuMapDemoTests.xctest; sourceTree = BUILT_PRODUCTS_DIR; };
		E3E692172098937500E149F3 /* BaiDuMapDemoTests.m */ = {isa = PBXFileReference; lastKnownFileType = sourcecode.c.objc; path = BaiDuMapDemoTests.m; sourceTree = "<group>"; };
		E3E692192098937500E149F3 /* Info.plist */ = {isa = PBXFileReference; lastKnownFileType = text.plist.xml; path = Info.plist; sourceTree = "<group>"; };
		E3E6921E2098937500E149F3 /* BaiDuMapDemoUITests.xctest */ = {isa = PBXFileReference; explicitFileType = wrapper.cfbundle; includeInIndex = 0; path = BaiDuMapDemoUITests.xctest; sourceTree = BUILT_PRODUCTS_DIR; };
		E3E692222098937500E149F3 /* BaiDuMapDemoUITests.m */ = {isa = PBXFileReference; lastKnownFileType = sourcecode.c.objc; path = BaiDuMapDemoUITests.m; sourceTree = "<group>"; };
		E3E692242098937500E149F3 /* Info.plist */ = {isa = PBXFileReference; lastKnownFileType = text.plist.xml; path = Info.plist; sourceTree = "<group>"; };
		E3E692302098A5B100E149F3 /* FingerDrawLineView.h */ = {isa = PBXFileReference; lastKnownFileType = sourcecode.c.h; path = FingerDrawLineView.h; sourceTree = "<group>"; };
		E3E692312098A5B100E149F3 /* FingerDrawLineView.m */ = {isa = PBXFileReference; lastKnownFileType = sourcecode.c.objc; path = FingerDrawLineView.m; sourceTree = "<group>"; };
/* End PBXFileReference section */

/* Begin PBXFrameworksBuildPhase section */
		E3E691F82098937400E149F3 /* Frameworks */ = {
			isa = PBXFrameworksBuildPhase;
			buildActionMask = 2147483647;
			files = (
				D471781C061EA46023AA0555 /* libPods-BaiDuMapDemo.a in Frameworks */,
			);
			runOnlyForDeploymentPostprocessing = 0;
		};
		E3E692102098937500E149F3 /* Frameworks */ = {
			isa = PBXFrameworksBuildPhase;
			buildActionMask = 2147483647;
			files = (
			);
			runOnlyForDeploymentPostprocessing = 0;
		};
		E3E6921B2098937500E149F3 /* Frameworks */ = {
			isa = PBXFrameworksBuildPhase;
			buildActionMask = 2147483647;
			files = (
			);
			runOnlyForDeploymentPostprocessing = 0;
		};
/* End PBXFrameworksBuildPhase section */

/* Begin PBXGroup section */
		276F761B49C396B9D77A31F3 /* Frameworks */ = {
			isa = PBXGroup;
			children = (
				7CF55CAD44B667BB802E8A49 /* libPods-BaiDuMapDemo.a */,
			);
			name = Frameworks;
			sourceTree = "<group>";
		};
		E3E691F22098937400E149F3 = {
			isa = PBXGroup;
			children = (
				E3E691FD2098937400E149F3 /* BaiDuMapDemo */,
				E3E692162098937500E149F3 /* BaiDuMapDemoTests */,
				E3E692212098937500E149F3 /* BaiDuMapDemoUITests */,
				E3E691FC2098937400E149F3 /* Products */,
				F182E1C7D3FF7A6F987E2B3D /* Pods */,
				276F761B49C396B9D77A31F3 /* Frameworks */,
			);
			sourceTree = "<group>";
		};
		E3E691FC2098937400E149F3 /* Products */ = {
			isa = PBXGroup;
			children = (
				E3E691FB2098937400E149F3 /* BaiDuMapDemo.app */,
				E3E692132098937500E149F3 /* BaiDuMapDemoTests.xctest */,
				E3E6921E2098937500E149F3 /* BaiDuMapDemoUITests.xctest */,
			);
			name = Products;
			sourceTree = "<group>";
		};
		E3E691FD2098937400E149F3 /* BaiDuMapDemo */ = {
			isa = PBXGroup;
			children = (
				E3E691FE2098937400E149F3 /* AppDelegate.h */,
				E3E691FF2098937400E149F3 /* AppDelegate.m */,
				E3E692012098937400E149F3 /* ViewController.h */,
				E3E692022098937400E149F3 /* ViewController.m */,
				E3C8712420CD69BB0019CC84 /* CoordinateModel.h */,
				E3C8712520CD69BB0019CC84 /* CoordinateModel.m */,
				E3E692302098A5B100E149F3 /* FingerDrawLineView.h */,
				E3E692312098A5B100E149F3 /* FingerDrawLineView.m */,
				E3E692042098937400E149F3 /* Main.storyboard */,
				E3E692072098937400E149F3 /* Assets.xcassets */,
				E3E692092098937400E149F3 /* LaunchScreen.storyboard */,
				E3E6920C2098937400E149F3 /* Info.plist */,
				E3E6920D2098937400E149F3 /* main.m */,
			);
			path = BaiDuMapDemo;
			sourceTree = "<group>";
		};
		E3E692162098937500E149F3 /* BaiDuMapDemoTests */ = {
			isa = PBXGroup;
			children = (
				E3E692172098937500E149F3 /* BaiDuMapDemoTests.m */,
				E3E692192098937500E149F3 /* Info.plist */,
			);
			path = BaiDuMapDemoTests;
			sourceTree = "<group>";
		};
		E3E692212098937500E149F3 /* BaiDuMapDemoUITests */ = {
			isa = PBXGroup;
			children = (
				E3E692222098937500E149F3 /* BaiDuMapDemoUITests.m */,
				E3E692242098937500E149F3 /* Info.plist */,
			);
			path = BaiDuMapDemoUITests;
			sourceTree = "<group>";
		};
		F182E1C7D3FF7A6F987E2B3D /* Pods */ = {
			isa = PBXGroup;
			children = (
				B69504CAF915202709481D2F /* Pods-BaiDuMapDemo.debug.xcconfig */,
				8E7415ED39AD7734B4E4270F /* Pods-BaiDuMapDemo.release.xcconfig */,
			);
			name = Pods;
			sourceTree = "<group>";
		};
/* End PBXGroup section */

/* Begin PBXNativeTarget section */
		E3E691FA2098937400E149F3 /* BaiDuMapDemo */ = {
			isa = PBXNativeTarget;
			buildConfigurationList = E3E692272098937500E149F3 /* Build configuration list for PBXNativeTarget "BaiDuMapDemo" */;
			buildPhases = (
				2F3A20629B2A077E41D0F34D /* [CP] Check Pods Manifest.lock */,
				E3E691F72098937400E149F3 /* Sources */,
				E3E691F82098937400E149F3 /* Frameworks */,
				E3E691F92098937400E149F3 /* Resources */,
				F79A529C3C77F69D8F717B2E /* [CP] Embed Pods Frameworks */,
				8EC19E3C0D9DF350265C85F6 /* [CP] Copy Pods Resources */,
			);
			buildRules = (
			);
			dependencies = (
			);
			name = BaiDuMapDemo;
			productName = BaiDuMapDemo;
			productReference = E3E691FB2098937400E149F3 /* BaiDuMapDemo.app */;
			productType = "com.apple.product-type.application";
		};
		E3E692122098937500E149F3 /* BaiDuMapDemoTests */ = {
			isa = PBXNativeTarget;
			buildConfigurationList = E3E6922A2098937500E149F3 /* Build configuration list for PBXNativeTarget "BaiDuMapDemoTests" */;
			buildPhases = (
				E3E6920F2098937500E149F3 /* Sources */,
				E3E692102098937500E149F3 /* Frameworks */,
				E3E692112098937500E149F3 /* Resources */,
			);
			buildRules = (
			);
			dependencies = (
				E3E692152098937500E149F3 /* PBXTargetDependency */,
			);
			name = BaiDuMapDemoTests;
			productName = BaiDuMapDemoTests;
			productReference = E3E692132098937500E149F3 /* BaiDuMapDemoTests.xctest */;
			productType = "com.apple.product-type.bundle.unit-test";
		};
		E3E6921D2098937500E149F3 /* BaiDuMapDemoUITests */ = {
			isa = PBXNativeTarget;
			buildConfigurationList = E3E6922D2098937500E149F3 /* Build configuration list for PBXNativeTarget "BaiDuMapDemoUITests" */;
			buildPhases = (
				E3E6921A2098937500E149F3 /* Sources */,
				E3E6921B2098937500E149F3 /* Frameworks */,
				E3E6921C2098937500E149F3 /* Resources */,
			);
			buildRules = (
			);
			dependencies = (
				E3E692202098937500E149F3 /* PBXTargetDependency */,
			);
			name = BaiDuMapDemoUITests;
			productName = BaiDuMapDemoUITests;
			productReference = E3E6921E2098937500E149F3 /* BaiDuMapDemoUITests.xctest */;
			productType = "com.apple.product-type.bundle.ui-testing";
		};
/* End PBXNativeTarget section */

/* Begin PBXProject section */
		E3E691F32098937400E149F3 /* Project object */ = {
			isa = PBXProject;
			attributes = {
				LastUpgradeCheck = 0930;
				ORGANIZATIONNAME = "朱佳男";
				TargetAttributes = {
					E3E691FA2098937400E149F3 = {
						CreatedOnToolsVersion = 9.3;
						ProvisioningStyle = Automatic;
					};
					E3E692122098937500E149F3 = {
						CreatedOnToolsVersion = 9.3;
						ProvisioningStyle = Automatic;
						TestTargetID = E3E691FA2098937400E149F3;
					};
					E3E6921D2098937500E149F3 = {
						CreatedOnToolsVersion = 9.3;
						ProvisioningStyle = Automatic;
						TestTargetID = E3E691FA2098937400E149F3;
					};
				};
			};
			buildConfigurationList = E3E691F62098937400E149F3 /* Build configuration list for PBXProject "BaiDuMapDemo" */;
			compatibilityVersion = "Xcode 8.0";
			developmentRegion = en;
			hasScannedForEncodings = 0;
			knownRegions = (
				en,
				Base,
			);
			mainGroup = E3E691F22098937400E149F3;
			productRefGroup = E3E691FC2098937400E149F3 /* Products */;
			projectDirPath = "";
			projectRoot = "";
			targets = (
				E3E691FA2098937400E149F3 /* BaiDuMapDemo */,
				E3E692122098937500E149F3 /* BaiDuMapDemoTests */,
				E3E6921D2098937500E149F3 /* BaiDuMapDemoUITests */,
			);
		};
/* End PBXProject section */

/* Begin PBXResourcesBuildPhase section */
		E3E691F92098937400E149F3 /* Resources */ = {
			isa = PBXResourcesBuildPhase;
			buildActionMask = 2147483647;
			files = (
				E3E6920B2098937400E149F3 /* LaunchScreen.storyboard in Resources */,
				E3E692082098937400E149F3 /* Assets.xcassets in Resources */,
				E3E692062098937400E149F3 /* Main.storyboard in Resources */,
			);
			runOnlyForDeploymentPostprocessing = 0;
		};
		E3E692112098937500E149F3 /* Resources */ = {
			isa = PBXResourcesBuildPhase;
			buildActionMask = 2147483647;
			files = (
			);
			runOnlyForDeploymentPostprocessing = 0;
		};
		E3E6921C2098937500E149F3 /* Resources */ = {
			isa = PBXResourcesBuildPhase;
			buildActionMask = 2147483647;
			files = (
			);
			runOnlyForDeploymentPostprocessing = 0;
		};
/* End PBXResourcesBuildPhase section */

/* Begin PBXShellScriptBuildPhase section */
		2F3A20629B2A077E41D0F34D /* [CP] Check Pods Manifest.lock */ = {
			isa = PBXShellScriptBuildPhase;
			buildActionMask = 2147483647;
			files = (
			);
			inputPaths = (
				"${PODS_PODFILE_DIR_PATH}/Podfile.lock",
				"${PODS_ROOT}/Manifest.lock",
			);
			name = "[CP] Check Pods Manifest.lock";
			outputPaths = (
				"$(DERIVED_FILE_DIR)/Pods-BaiDuMapDemo-checkManifestLockResult.txt",
			);
			runOnlyForDeploymentPostprocessing = 0;
			shellPath = /bin/sh;
			shellScript = "diff \"${PODS_PODFILE_DIR_PATH}/Podfile.lock\" \"${PODS_ROOT}/Manifest.lock\" > /dev/null\nif [ $? != 0 ] ; then\n    # print error to STDERR\n    echo \"error: The sandbox is not in sync with the Podfile.lock. Run 'pod install' or update your CocoaPods installation.\" >&2\n    exit 1\nfi\n# This output is used by Xcode 'outputs' to avoid re-running this script phase.\necho \"SUCCESS\" > \"${SCRIPT_OUTPUT_FILE_0}\"\n";
			showEnvVarsInLog = 0;
		};
		8EC19E3C0D9DF350265C85F6 /* [CP] Copy Pods Resources */ = {
			isa = PBXShellScriptBuildPhase;
			buildActionMask = 2147483647;
			files = (
			);
			inputPaths = (
				"${SRCROOT}/Pods/Target Support Files/Pods-BaiDuMapDemo/Pods-BaiDuMapDemo-resources.sh",
				"${PODS_ROOT}/BaiduMapKit/BaiduMapKit/BaiduMapAPI_Map.framework/Resources/mapapi.bundle",
			);
			name = "[CP] Copy Pods Resources";
			outputPaths = (
				"${TARGET_BUILD_DIR}/${UNLOCALIZED_RESOURCES_FOLDER_PATH}/mapapi.bundle",
			);
			runOnlyForDeploymentPostprocessing = 0;
			shellPath = /bin/sh;
			shellScript = "\"${SRCROOT}/Pods/Target Support Files/Pods-BaiDuMapDemo/Pods-BaiDuMapDemo-resources.sh\"\n";
			showEnvVarsInLog = 0;
		};
		F79A529C3C77F69D8F717B2E /* [CP] Embed Pods Frameworks */ = {
			isa = PBXShellScriptBuildPhase;
			buildActionMask = 2147483647;
			files = (
			);
			inputPaths = (
			);
			name = "[CP] Embed Pods Frameworks";
			outputPaths = (
			);
			runOnlyForDeploymentPostprocessing = 0;
			shellPath = /bin/sh;
			shellScript = "\"${SRCROOT}/Pods/Target Support Files/Pods-BaiDuMapDemo/Pods-BaiDuMapDemo-frameworks.sh\"\n";
			showEnvVarsInLog = 0;
		};
/* End PBXShellScriptBuildPhase section */

/* Begin PBXSourcesBuildPhase section */
		E3E691F72098937400E149F3 /* Sources */ = {
			isa = PBXSourcesBuildPhase;
			buildActionMask = 2147483647;
			files = (
				E3E692032098937400E149F3 /* ViewController.m in Sources */,
				E3E6920E2098937400E149F3 /* main.m in Sources */,
				E3C8712620CD69BB0019CC84 /* CoordinateModel.m in Sources */,
				E3E692002098937400E149F3 /* AppDelegate.m in Sources */,
				E3E692322098A5B100E149F3 /* FingerDrawLineView.m in Sources */,
			);
			runOnlyForDeploymentPostprocessing = 0;
		};
		E3E6920F2098937500E149F3 /* Sources */ = {
			isa = PBXSourcesBuildPhase;
			buildActionMask = 2147483647;
			files = (
				E3E692182098937500E149F3 /* BaiDuMapDemoTests.m in Sources */,
			);
			runOnlyForDeploymentPostprocessing = 0;
		};
		E3E6921A2098937500E149F3 /* Sources */ = {
			isa = PBXSourcesBuildPhase;
			buildActionMask = 2147483647;
			files = (
				E3E692232098937500E149F3 /* BaiDuMapDemoUITests.m in Sources */,
			);
			runOnlyForDeploymentPostprocessing = 0;
		};
/* End PBXSourcesBuildPhase section */

/* Begin PBXTargetDependency section */
		E3E692152098937500E149F3 /* PBXTargetDependency */ = {
			isa = PBXTargetDependency;
			target = E3E691FA2098937400E149F3 /* BaiDuMapDemo */;
			targetProxy = E3E692142098937500E149F3 /* PBXContainerItemProxy */;
		};
		E3E692202098937500E149F3 /* PBXTargetDependency */ = {
			isa = PBXTargetDependency;
			target = E3E691FA2098937400E149F3 /* BaiDuMapDemo */;
			targetProxy = E3E6921F2098937500E149F3 /* PBXContainerItemProxy */;
		};
/* End PBXTargetDependency section */

/* Begin PBXVariantGroup section */
		E3E692042098937400E149F3 /* Main.storyboard */ = {
			isa = PBXVariantGroup;
			children = (
				E3E692052098937400E149F3 /* Base */,
			);
			name = Main.storyboard;
			sourceTree = "<group>";
		};
		E3E692092098937400E149F3 /* LaunchScreen.storyboard */ = {
			isa = PBXVariantGroup;
			children = (
				E3E6920A2098937400E149F3 /* Base */,
			);
			name = LaunchScreen.storyboard;
			sourceTree = "<group>";
		};
/* End PBXVariantGroup section */

/* Begin XCBuildConfiguration section */
		E3E692252098937500E149F3 /* Debug */ = {
			isa = XCBuildConfiguration;
			buildSettings = {
				ALWAYS_SEARCH_USER_PATHS = NO;
				CLANG_ANALYZER_NONNULL = YES;
				CLANG_ANALYZER_NUMBER_OBJECT_CONVERSION = YES_AGGRESSIVE;
				CLANG_CXX_LANGUAGE_STANDARD = "gnu++14";
				CLANG_CXX_LIBRARY = "libc++";
				CLANG_ENABLE_MODULES = YES;
				CLANG_ENABLE_OBJC_ARC = YES;
				CLANG_ENABLE_OBJC_WEAK = YES;
				CLANG_WARN_BLOCK_CAPTURE_AUTORELEASING = YES;
				CLANG_WARN_BOOL_CONVERSION = YES;
				CLANG_WARN_COMMA = YES;
				CLANG_WARN_CONSTANT_CONVERSION = YES;
				CLANG_WARN_DEPRECATED_OBJC_IMPLEMENTATIONS = YES;
				CLANG_WARN_DIRECT_OBJC_ISA_USAGE = YES_ERROR;
				CLANG_WARN_DOCUMENTATION_COMMENTS = YES;
				CLANG_WARN_EMPTY_BODY = YES;
				CLANG_WARN_ENUM_CONVERSION = YES;
				CLANG_WARN_INFINITE_RECURSION = YES;
				CLANG_WARN_INT_CONVERSION = YES;
				CLANG_WARN_NON_LITERAL_NULL_CONVERSION = YES;
				CLANG_WARN_OBJC_IMPLICIT_RETAIN_SELF = YES;
				CLANG_WARN_OBJC_LITERAL_CONVERSION = YES;
				CLANG_WARN_OBJC_ROOT_CLASS = YES_ERROR;
				CLANG_WARN_RANGE_LOOP_ANALYSIS = YES;
				CLANG_WARN_STRICT_PROTOTYPES = YES;
				CLANG_WARN_SUSPICIOUS_MOVE = YES;
				CLANG_WARN_UNGUARDED_AVAILABILITY = YES_AGGRESSIVE;
				CLANG_WARN_UNREACHABLE_CODE = YES;
				CLANG_WARN__DUPLICATE_METHOD_MATCH = YES;
				CODE_SIGN_IDENTITY = "iPhone Developer";
				COPY_PHASE_STRIP = NO;
				DEBUG_INFORMATION_FORMAT = dwarf;
				ENABLE_STRICT_OBJC_MSGSEND = YES;
				ENABLE_TESTABILITY = YES;
				GCC_C_LANGUAGE_STANDARD = gnu11;
				GCC_DYNAMIC_NO_PIC = NO;
				GCC_NO_COMMON_BLOCKS = YES;
				GCC_OPTIMIZATION_LEVEL = 0;
				GCC_PREPROCESSOR_DEFINITIONS = (
					"DEBUG=1",
					"$(inherited)",
				);
				GCC_WARN_64_TO_32_BIT_CONVERSION = YES;
				GCC_WARN_ABOUT_RETURN_TYPE = YES_ERROR;
				GCC_WARN_UNDECLARED_SELECTOR = YES;
				GCC_WARN_UNINITIALIZED_AUTOS = YES_AGGRESSIVE;
				GCC_WARN_UNUSED_FUNCTION = YES;
				GCC_WARN_UNUSED_VARIABLE = YES;
				IPHONEOS_DEPLOYMENT_TARGET = 11.3;
				MTL_ENABLE_DEBUG_INFO = YES;
				ONLY_ACTIVE_ARCH = YES;
				SDKROOT = iphoneos;
			};
			name = Debug;
		};
		E3E692262098937500E149F3 /* Release */ = {
			isa = XCBuildConfiguration;
			buildSettings = {
				ALWAYS_SEARCH_USER_PATHS = NO;
				CLANG_ANALYZER_NONNULL = YES;
				CLANG_ANALYZER_NUMBER_OBJECT_CONVERSION = YES_AGGRESSIVE;
				CLANG_CXX_LANGUAGE_STANDARD = "gnu++14";
				CLANG_CXX_LIBRARY = "libc++";
				CLANG_ENABLE_MODULES = YES;
				CLANG_ENABLE_OBJC_ARC = YES;
				CLANG_ENABLE_OBJC_WEAK = YES;
				CLANG_WARN_BLOCK_CAPTURE_AUTORELEASING = YES;
				CLANG_WARN_BOOL_CONVERSION = YES;
				CLANG_WARN_COMMA = YES;
				CLANG_WARN_CONSTANT_CONVERSION = YES;
				CLANG_WARN_DEPRECATED_OBJC_IMPLEMENTATIONS = YES;
				CLANG_WARN_DIRECT_OBJC_ISA_USAGE = YES_ERROR;
				CLANG_WARN_DOCUMENTATION_COMMENTS = YES;
				CLANG_WARN_EMPTY_BODY = YES;
				CLANG_WARN_ENUM_CONVERSION = YES;
				CLANG_WARN_INFINITE_RECURSION = YES;
				CLANG_WARN_INT_CONVERSION = YES;
				CLANG_WARN_NON_LITERAL_NULL_CONVERSION = YES;
				CLANG_WARN_OBJC_IMPLICIT_RETAIN_SELF = YES;
				CLANG_WARN_OBJC_LITERAL_CONVERSION = YES;
				CLANG_WARN_OBJC_ROOT_CLASS = YES_ERROR;
				CLANG_WARN_RANGE_LOOP_ANALYSIS = YES;
				CLANG_WARN_STRICT_PROTOTYPES = YES;
				CLANG_WARN_SUSPICIOUS_MOVE = YES;
				CLANG_WARN_UNGUARDED_AVAILABILITY = YES_AGGRESSIVE;
				CLANG_WARN_UNREACHABLE_CODE = YES;
				CLANG_WARN__DUPLICATE_METHOD_MATCH = YES;
				CODE_SIGN_IDENTITY = "iPhone Developer";
				COPY_PHASE_STRIP = NO;
				DEBUG_INFORMATION_FORMAT = "dwarf-with-dsym";
				ENABLE_NS_ASSERTIONS = NO;
				ENABLE_STRICT_OBJC_MSGSEND = YES;
				GCC_C_LANGUAGE_STANDARD = gnu11;
				GCC_NO_COMMON_BLOCKS = YES;
				GCC_WARN_64_TO_32_BIT_CONVERSION = YES;
				GCC_WARN_ABOUT_RETURN_TYPE = YES_ERROR;
				GCC_WARN_UNDECLARED_SELECTOR = YES;
				GCC_WARN_UNINITIALIZED_AUTOS = YES_AGGRESSIVE;
				GCC_WARN_UNUSED_FUNCTION = YES;
				GCC_WARN_UNUSED_VARIABLE = YES;
				IPHONEOS_DEPLOYMENT_TARGET = 11.3;
				MTL_ENABLE_DEBUG_INFO = NO;
				SDKROOT = iphoneos;
				VALIDATE_PRODUCT = YES;
			};
			name = Release;
		};
		E3E692282098937500E149F3 /* Debug */ = {
			isa = XCBuildConfiguration;
			baseConfigurationReference = B69504CAF915202709481D2F /* Pods-BaiDuMapDemo.debug.xcconfig */;
			buildSettings = {
				ASSETCATALOG_COMPILER_APPICON_NAME = AppIcon;
				CODE_SIGN_STYLE = Automatic;
				DEVELOPMENT_TEAM = F2C33W32PH;
				INFOPLIST_FILE = BaiDuMapDemo/Info.plist;
				LD_RUNPATH_SEARCH_PATHS = "$(inherited) @executable_path/Frameworks";
				PRODUCT_BUNDLE_IDENTIFIER = com.OverseasRealEstateProject.oversea;
				PRODUCT_NAME = "$(TARGET_NAME)";
				TARGETED_DEVICE_FAMILY = "1,2";
			};
			name = Debug;
		};
		E3E692292098937500E149F3 /* Release */ = {
			isa = XCBuildConfiguration;
			baseConfigurationReference = 8E7415ED39AD7734B4E4270F /* Pods-BaiDuMapDemo.release.xcconfig */;
			buildSettings = {
				ASSETCATALOG_COMPILER_APPICON_NAME = AppIcon;
				CODE_SIGN_STYLE = Automatic;
				DEVELOPMENT_TEAM = F2C33W32PH;
				INFOPLIST_FILE = BaiDuMapDemo/Info.plist;
				LD_RUNPATH_SEARCH_PATHS = "$(inherited) @executable_path/Frameworks";
				PRODUCT_BUNDLE_IDENTIFIER = com.OverseasRealEstateProject.oversea;
				PRODUCT_NAME = "$(TARGET_NAME)";
				TARGETED_DEVICE_FAMILY = "1,2";
			};
			name = Release;
		};
		E3E6922B2098937500E149F3 /* Debug */ = {
			isa = XCBuildConfiguration;
			buildSettings = {
				BUNDLE_LOADER = "$(TEST_HOST)";
				CODE_SIGN_STYLE = Automatic;
				INFOPLIST_FILE = BaiDuMapDemoTests/Info.plist;
				LD_RUNPATH_SEARCH_PATHS = "$(inherited) @executable_path/Frameworks @loader_path/Frameworks";
				PRODUCT_BUNDLE_IDENTIFIER = www.xfkeji.cn.BaiDuMapDemoTests;
				PRODUCT_NAME = "$(TARGET_NAME)";
				TARGETED_DEVICE_FAMILY = "1,2";
				TEST_HOST = "$(BUILT_PRODUCTS_DIR)/BaiDuMapDemo.app/BaiDuMapDemo";
			};
			name = Debug;
		};
		E3E6922C2098937500E149F3 /* Release */ = {
			isa = XCBuildConfiguration;
			buildSettings = {
				BUNDLE_LOADER = "$(TEST_HOST)";
				CODE_SIGN_STYLE = Automatic;
				INFOPLIST_FILE = BaiDuMapDemoTests/Info.plist;
				LD_RUNPATH_SEARCH_PATHS = "$(inherited) @executable_path/Frameworks @loader_path/Frameworks";
				PRODUCT_BUNDLE_IDENTIFIER = www.xfkeji.cn.BaiDuMapDemoTests;
				PRODUCT_NAME = "$(TARGET_NAME)";
				TARGETED_DEVICE_FAMILY = "1,2";
				TEST_HOST = "$(BUILT_PRODUCTS_DIR)/BaiDuMapDemo.app/BaiDuMapDemo";
			};
			name = Release;
		};
		E3E6922E2098937500E149F3 /* Debug */ = {
			isa = XCBuildConfiguration;
			buildSettings = {
				CODE_SIGN_STYLE = Automatic;
				INFOPLIST_FILE = BaiDuMapDemoUITests/Info.plist;
				LD_RUNPATH_SEARCH_PATHS = "$(inherited) @executable_path/Frameworks @loader_path/Frameworks";
				PRODUCT_BUNDLE_IDENTIFIER = www.xfkeji.cn.BaiDuMapDemoUITests;
				PRODUCT_NAME = "$(TARGET_NAME)";
				TARGETED_DEVICE_FAMILY = "1,2";
				TEST_TARGET_NAME = BaiDuMapDemo;
			};
			name = Debug;
		};
		E3E6922F2098937500E149F3 /* Release */ = {
			isa = XCBuildConfiguration;
			buildSettings = {
				CODE_SIGN_STYLE = Automatic;
				INFOPLIST_FILE = BaiDuMapDemoUITests/Info.plist;
				LD_RUNPATH_SEARCH_PATHS = "$(inherited) @executable_path/Frameworks @loader_path/Frameworks";
				PRODUCT_BUNDLE_IDENTIFIER = www.xfkeji.cn.BaiDuMapDemoUITests;
				PRODUCT_NAME = "$(TARGET_NAME)";
				TARGETED_DEVICE_FAMILY = "1,2";
				TEST_TARGET_NAME = BaiDuMapDemo;
			};
			name = Release;
		};
/* End XCBuildConfiguration section */

/* Begin XCConfigurationList section */
		E3E691F62098937400E149F3 /* Build configuration list for PBXProject "BaiDuMapDemo" */ = {
			isa = XCConfigurationList;
			buildConfigurations = (
				E3E692252098937500E149F3 /* Debug */,
				E3E692262098937500E149F3 /* Release */,
			);
			defaultConfigurationIsVisible = 0;
			defaultConfigurationName = Release;
		};
		E3E692272098937500E149F3 /* Build configuration list for PBXNativeTarget "BaiDuMapDemo" */ = {
			isa = XCConfigurationList;
			buildConfigurations = (
				E3E692282098937500E149F3 /* Debug */,
				E3E692292098937500E149F3 /* Release */,
			);
			defaultConfigurationIsVisible = 0;
			defaultConfigurationName = Release;
		};
		E3E6922A2098937500E149F3 /* Build configuration list for PBXNativeTarget "BaiDuMapDemoTests" */ = {
			isa = XCConfigurationList;
			buildConfigurations = (
				E3E6922B2098937500E149F3 /* Debug */,
				E3E6922C2098937500E149F3 /* Release */,
			);
			defaultConfigurationIsVisible = 0;
			defaultConfigurationName = Release;
		};
		E3E6922D2098937500E149F3 /* Build configuration list for PBXNativeTarget "BaiDuMapDemoUITests" */ = {
			isa = XCConfigurationList;
			buildConfigurations = (
				E3E6922E2098937500E149F3 /* Debug */,
				E3E6922F2098937500E149F3 /* Release */,
			);
			defaultConfigurationIsVisible = 0;
			defaultConfigurationName = Release;
		};
/* End XCConfigurationList section */
	};
	rootObject = E3E691F32098937400E149F3 /* Project object */;
}
